
Microsoft Visual Studio Solution File, Format Version 12.00
# Visual Studio 14
VisualStudioVersion = 14.0.25420.1
MinimumVisualStudioVersion = 10.0.40219.1
Project("{F184B08F-C81C-45F6-A57F-5ABD9991F28F}") = "COST VB", "COST VB\COST VB.vbproj", "{AC99C06C-226E-4322-9632-978E506CCB3B}"
EndProject
Global
	GlobalSection(SolutionConfigurationPlatforms) = preSolution
		Debug|Any CPU = Debug|Any CPU
		Release|Any CPU = Release|Any CPU
	EndGlobalSection
	GlobalSection(ProjectConfigurationPlatforms) = postSolution
		{AC99C06C-226E-4322-9632-978E506CCB3B}.Debug|Any CPU.ActiveCfg = Debug|Any CPU
		{AC99C06C-226E-4322-9632-978E506CCB3B}.Debug|Any CPU.Build.0 = Debug|Any CPU
		{AC99C06C-226E-4322-9632-978E506CCB3B}.Release|Any CPU.ActiveCfg = Release|Any CPU
		{AC99C06C-226E-4322-9632-978E506CCB3B}.Release|Any CPU.Build.0 = Release|Any CPU
	EndGlobalSection
	GlobalSection(SolutionProperties) = preSolution
		HideSolutionNode = FALSE
	EndGlobalSection
EndGlobal
